
Microsoft Visual Studio Solution File, Format Version 12.00
# Visual Studio Version 16
VisualStudioVersion = 16.0.31105.61
MinimumVisualStudioVersion = 10.0.40219.1
Project("{FAE04EC0-301F-11D3-BF4B-00C04F79EFBC}") = "ServerConsole", "ServerConsole\ServerConsole.csproj", "{6EE315C5-1034-45F9-89CF-604EE245F670}"
EndProject
Global
	GlobalSection(SolutionConfigurationPlatforms) = preSolution
		Debug|Any CPU = Debug|Any CPU
		Release|Any CPU = Release|Any CPU
	EndGlobalSection
	GlobalSection(ProjectConfigurationPlatforms) = postSolution
		{6EE315C5-1034-45F9-89CF-604EE245F670}.Debug|Any CPU.ActiveCfg = Debug|Any CPU
		{6EE315C5-1034-45F9-89CF-604EE245F670}.Debug|Any CPU.Build.0 = Debug|Any CPU
		{6EE315C5-1034-45F9-89CF-604EE245F670}.Release|Any CPU.ActiveCfg = Release|Any CPU
		{6EE315C5-1034-45F9-89CF-604EE245F670}.Release|Any CPU.Build.0 = Release|Any CPU
	EndGlobalSection
	GlobalSection(SolutionProperties) = preSolution
		HideSolutionNode = FALSE
	EndGlobalSection
	GlobalSection(ExtensibilityGlobals) = postSolution
		SolutionGuid = {DF1B3893-ECF8-4BF9-9CB0-A7D955376B74}
	EndGlobalSection
EndGlobal
